
Microsoft Visual Studio Solution File, Format Version 12.00
# Visual Studio Version 16
VisualStudioVersion = 16.0.31025.194
MinimumVisualStudioVersion = 10.0.40219.1
Project("{9A19103F-16F7-4668-BE54-9A1E7A4F7556}") = "Homework_Task1", "TestProject\Homework_Task1.csproj", "{F074CDCA-E3F9-4CB0-8B29-296FACD479F7}"
EndProject
Project("{9A19103F-16F7-4668-BE54-9A1E7A4F7556}") = "Homework_Task2", "HomeTask_2\Homework_Task2.csproj", "{84AAFE45-702C-49B3-BBAD-8B8B39A70DF6}"
EndProject
Project("{9A19103F-16F7-4668-BE54-9A1E7A4F7556}") = "Homework_Task3", "ConsoleApp1\Homework_Task3.csproj", "{787BE248-3CAB-4805-99F6-23E2AC86873A}"
EndProject
Project("{9A19103F-16F7-4668-BE54-9A1E7A4F7556}") = "Homework_Task4", "ConsoleApp2\Homework_Task4.csproj", "{5A2BAC88-4A81-4241-BAEE-CCD556D5FF39}"
EndProject
Project("{9A19103F-16F7-4668-BE54-9A1E7A4F7556}") = "Homework_Task5", "ConsoleApp3\Homework_Task5.csproj", "{AD8DB6B4-A5E3-4748-9EB7-B2345B138085}"
EndProject
Project("{2150E333-8FDC-42A3-9474-1A3956D46DE8}") = "Lesson1", "Lesson1", "{0093F454-F70C-4929-BCB6-72B1AEE517B2}"
EndProject
Project("{9A19103F-16F7-4668-BE54-9A1E7A4F7556}") = "Homework2_Task1", "ConsoleApp4\Homework2_Task1.csproj", "{EB4F7CA8-3F86-4ABB-A976-6A72293BA072}"
EndProject
Project("{2150E333-8FDC-42A3-9474-1A3956D46DE8}") = "Lesson2", "Lesson2", "{1013F190-B8FC-4BBC-8B85-2A2340B451FE}"
EndProject
Project("{9A19103F-16F7-4668-BE54-9A1E7A4F7556}") = "Homework2_Task2", "ConsoleApp5\Homework2_Task2.csproj", "{943FF1DC-719C-487E-9D96-4614CCC2DDEC}"
EndProject
Project("{9A19103F-16F7-4668-BE54-9A1E7A4F7556}") = "Homework2_Task3", "ConsoleApp6\Homework2_Task3.csproj", "{204A28B7-984D-4A0C-8992-31CFEB278BA5}"
EndProject
Project("{FAE04EC0-301F-11D3-BF4B-00C04F79EFBC}") = "Homework2_Task4", "ConsoleApp7\Homework2_Task4.csproj", "{53C9527E-47FD-4E71-880F-E7BBB8DF38FB}"
EndProject
Project("{FAE04EC0-301F-11D3-BF4B-00C04F79EFBC}") = "Homework2_Task5", "ConsoleApp8\Homework2_Task5.csproj", "{D09391C2-D8E1-4359-9670-CBBB15B55D78}"
EndProject
Project("{FAE04EC0-301F-11D3-BF4B-00C04F79EFBC}") = "Homework2_Task6", "ConsoleApp9\Homework2_Task6.csproj", "{E72BB28C-6D01-4691-8F0D-250CE4781B2F}"
EndProject
Global
	GlobalSection(SolutionConfigurationPlatforms) = preSolution
		Debug|Any CPU = Debug|Any CPU
		Release|Any CPU = Release|Any CPU
	EndGlobalSection
	GlobalSection(ProjectConfigurationPlatforms) = postSolution
		{F074CDCA-E3F9-4CB0-8B29-296FACD479F7}.Debug|Any CPU.ActiveCfg = Debug|Any CPU
		{F074CDCA-E3F9-4CB0-8B29-296FACD479F7}.Debug|Any CPU.Build.0 = Debug|Any CPU
		{F074CDCA-E3F9-4CB0-8B29-296FACD479F7}.Release|Any CPU.ActiveCfg = Release|Any CPU
		{F074CDCA-E3F9-4CB0-8B29-296FACD479F7}.Release|Any CPU.Build.0 = Release|Any CPU
		{84AAFE45-702C-49B3-BBAD-8B8B39A70DF6}.Debug|Any CPU.ActiveCfg = Debug|Any CPU
		{84AAFE45-702C-49B3-BBAD-8B8B39A70DF6}.Debug|Any CPU.Build.0 = Debug|Any CPU
		{84AAFE45-702C-49B3-BBAD-8B8B39A70DF6}.Release|Any CPU.ActiveCfg = Release|Any CPU
		{84AAFE45-702C-49B3-BBAD-8B8B39A70DF6}.Release|Any CPU.Build.0 = Release|Any CPU
		{787BE248-3CAB-4805-99F6-23E2AC86873A}.Debug|Any CPU.ActiveCfg = Debug|Any CPU
		{787BE248-3CAB-4805-99F6-23E2AC86873A}.Debug|Any CPU.Build.0 = Debug|Any CPU
		{787BE248-3CAB-4805-99F6-23E2AC86873A}.Release|Any CPU.ActiveCfg = Release|Any CPU
		{787BE248-3CAB-4805-99F6-23E2AC86873A}.Release|Any CPU.Build.0 = Release|Any CPU
		{5A2BAC88-4A81-4241-BAEE-CCD556D5FF39}.Debug|Any CPU.ActiveCfg = Debug|Any CPU
		{5A2BAC88-4A81-4241-BAEE-CCD556D5FF39}.Debug|Any CPU.Build.0 = Debug|Any CPU
		{5A2BAC88-4A81-4241-BAEE-CCD556D5FF39}.Release|Any CPU.ActiveCfg = Release|Any CPU
		{5A2BAC88-4A81-4241-BAEE-CCD556D5FF39}.Release|Any CPU.Build.0 = Release|Any CPU
		{AD8DB6B4-A5E3-4748-9EB7-B2345B138085}.Debug|Any CPU.ActiveCfg = Debug|Any CPU
		{AD8DB6B4-A5E3-4748-9EB7-B2345B138085}.Debug|Any CPU.Build.0 = Debug|Any CPU
		{AD8DB6B4-A5E3-4748-9EB7-B2345B138085}.Release|Any CPU.ActiveCfg = Release|Any CPU
		{AD8DB6B4-A5E3-4748-9EB7-B2345B138085}.Release|Any CPU.Build.0 = Release|Any CPU
		{EB4F7CA8-3F86-4ABB-A976-6A72293BA072}.Debug|Any CPU.ActiveCfg = Debug|Any CPU
		{EB4F7CA8-3F86-4ABB-A976-6A72293BA072}.Debug|Any CPU.Build.0 = Debug|Any CPU
		{EB4F7CA8-3F86-4ABB-A976-6A72293BA072}.Release|Any CPU.ActiveCfg = Release|Any CPU
		{EB4F7CA8-3F86-4ABB-A976-6A72293BA072}.Release|Any CPU.Build.0 = Release|Any CPU
		{943FF1DC-719C-487E-9D96-4614CCC2DDEC}.Debug|Any CPU.ActiveCfg = Debug|Any CPU
		{943FF1DC-719C-487E-9D96-4614CCC2DDEC}.Debug|Any CPU.Build.0 = Debug|Any CPU
		{943FF1DC-719C-487E-9D96-4614CCC2DDEC}.Release|Any CPU.ActiveCfg = Release|Any CPU
		{943FF1DC-719C-487E-9D96-4614CCC2DDEC}.Release|Any CPU.Build.0 = Release|Any CPU
		{204A28B7-984D-4A0C-8992-31CFEB278BA5}.Debug|Any CPU.ActiveCfg = Debug|Any CPU
		{204A28B7-984D-4A0C-8992-31CFEB278BA5}.Debug|Any CPU.Build.0 = Debug|Any CPU
		{204A28B7-984D-4A0C-8992-31CFEB278BA5}.Release|Any CPU.ActiveCfg = Release|Any CPU
		{204A28B7-984D-4A0C-8992-31CFEB278BA5}.Release|Any CPU.Build.0 = Release|Any CPU
		{53C9527E-47FD-4E71-880F-E7BBB8DF38FB}.Debug|Any CPU.ActiveCfg = Debug|Any CPU
		{53C9527E-47FD-4E71-880F-E7BBB8DF38FB}.Debug|Any CPU.Build.0 = Debug|Any CPU
		{53C9527E-47FD-4E71-880F-E7BBB8DF38FB}.Release|Any CPU.ActiveCfg = Release|Any CPU
		{53C9527E-47FD-4E71-880F-E7BBB8DF38FB}.Release|Any CPU.Build.0 = Release|Any CPU
		{D09391C2-D8E1-4359-9670-CBBB15B55D78}.Debug|Any CPU.ActiveCfg = Debug|Any CPU
		{D09391C2-D8E1-4359-9670-CBBB15B55D78}.Debug|Any CPU.Build.0 = Debug|Any CPU
		{D09391C2-D8E1-4359-9670-CBBB15B55D78}.Release|Any CPU.ActiveCfg = Release|Any CPU
		{D09391C2-D8E1-4359-9670-CBBB15B55D78}.Release|Any CPU.Build.0 = Release|Any CPU
		{E72BB28C-6D01-4691-8F0D-250CE4781B2F}.Debug|Any CPU.ActiveCfg = Debug|Any CPU
		{E72BB28C-6D01-4691-8F0D-250CE4781B2F}.Debug|Any CPU.Build.0 = Debug|Any CPU
		{E72BB28C-6D01-4691-8F0D-250CE4781B2F}.Release|Any CPU.ActiveCfg = Release|Any CPU
		{E72BB28C-6D01-4691-8F0D-250CE4781B2F}.Release|Any CPU.Build.0 = Release|Any CPU
	EndGlobalSection
	GlobalSection(SolutionProperties) = preSolution
		HideSolutionNode = FALSE
	EndGlobalSection
	GlobalSection(NestedProjects) = preSolution
		{F074CDCA-E3F9-4CB0-8B29-296FACD479F7} = {0093F454-F70C-4929-BCB6-72B1AEE517B2}
		{84AAFE45-702C-49B3-BBAD-8B8B39A70DF6} = {0093F454-F70C-4929-BCB6-72B1AEE517B2}
		{787BE248-3CAB-4805-99F6-23E2AC86873A} = {0093F454-F70C-4929-BCB6-72B1AEE517B2}
		{5A2BAC88-4A81-4241-BAEE-CCD556D5FF39} = {0093F454-F70C-4929-BCB6-72B1AEE517B2}
		{AD8DB6B4-A5E3-4748-9EB7-B2345B138085} = {0093F454-F70C-4929-BCB6-72B1AEE517B2}
		{EB4F7CA8-3F86-4ABB-A976-6A72293BA072} = {1013F190-B8FC-4BBC-8B85-2A2340B451FE}
		{943FF1DC-719C-487E-9D96-4614CCC2DDEC} = {1013F190-B8FC-4BBC-8B85-2A2340B451FE}
		{204A28B7-984D-4A0C-8992-31CFEB278BA5} = {1013F190-B8FC-4BBC-8B85-2A2340B451FE}
		{53C9527E-47FD-4E71-880F-E7BBB8DF38FB} = {1013F190-B8FC-4BBC-8B85-2A2340B451FE}
		{D09391C2-D8E1-4359-9670-CBBB15B55D78} = {1013F190-B8FC-4BBC-8B85-2A2340B451FE}
		{E72BB28C-6D01-4691-8F0D-250CE4781B2F} = {1013F190-B8FC-4BBC-8B85-2A2340B451FE}
	EndGlobalSection
	GlobalSection(ExtensibilityGlobals) = postSolution
		SolutionGuid = {ED63BE84-B112-4A94-99C6-6D1681597F94}
	EndGlobalSection
EndGlobal
